
Microsoft Visual Studio Solution File, Format Version 12.00
# Visual Studio Version 16
VisualStudioVersion = 16.0.30413.136
MinimumVisualStudioVersion = 10.0.40219.1
Project("{8BC9CEB8-8B4A-11D0-8D11-00A0C91BC942}") = "ep10", "ep10\ep10.vcxproj", "{CFBBB0C3-ECF1-4C30-A5BE-09E9DE3BFD13}"
EndProject
Project("{8BC9CEB8-8B4A-11D0-8D11-00A0C91BC942}") = "ep11", "ep11\ep11.vcxproj", "{15DA9959-A754-4B3F-BB14-4AC28FC5F750}"
EndProject
Project("{8BC9CEB8-8B4A-11D0-8D11-00A0C91BC942}") = "ep12", "ep12\ep12.vcxproj", "{608B7A8E-270E-4E09-8DB5-78AA601C897E}"
EndProject
Project("{8BC9CEB8-8B4A-11D0-8D11-00A0C91BC942}") = "ep09_TexWaves", "ep09_TexWaves\ep9_TexWaves.vcxproj", "{9E64AD89-CCA0-4DD1-8BC0-5DF150BADAA7}"
EndProject
Project("{8BC9CEB8-8B4A-11D0-8D11-00A0C91BC942}") = "ep09_Crate", "ep09_Crate\ep9_Crate.vcxproj", "{6A938B9E-2ABF-44A2-BC47-E16D8095B348}"
EndProject
Project("{8BC9CEB8-8B4A-11D0-8D11-00A0C91BC942}") = "ep08", "ep08\ep8.vcxproj", "{D11BC7A1-A450-4E06-B3A6-E3B1366E7FDE}"
EndProject
Project("{8BC9CEB8-8B4A-11D0-8D11-00A0C91BC942}") = "ep07_2_LandAndWaves", "ep07_2_LandAndWaves\ep7_2_LandAndWaves.vcxproj", "{B8CBD86C-9553-4D9C-9B6C-0A565AD6BE33}"
EndProject
Project("{8BC9CEB8-8B4A-11D0-8D11-00A0C91BC942}") = "ep07_1_Shapes", "ep07_1_shapes\ep7_1_shapes.vcxproj", "{0162021D-9E5B-401A-B816-5CD39084F316}"
EndProject
Project("{8BC9CEB8-8B4A-11D0-8D11-00A0C91BC942}") = "ep06", "ep06\ep6.vcxproj", "{C6196743-BE06-4D7C-B094-485410DD6E94}"
EndProject
Project("{8BC9CEB8-8B4A-11D0-8D11-00A0C91BC942}") = "ep04", "ep04\ep4.vcxproj", "{AD32F494-4F88-4AE7-A80F-7A1CF6E13BC5}"
EndProject
Project("{8BC9CEB8-8B4A-11D0-8D11-00A0C91BC942}") = "ep02", "ep02\ep2.vcxproj", "{0AAA9BF4-A4AD-4FCD-A6FC-B15B5C0485C3}"
EndProject
Project("{8BC9CEB8-8B4A-11D0-8D11-00A0C91BC942}") = "ep01", "ep01\ep1.vcxproj", "{3ECAB81A-23CE-40E9-8CF4-50A88E58824D}"
EndProject
Project("{8BC9CEB8-8B4A-11D0-8D11-00A0C91BC942}") = "ep13", "ep13\ep13.vcxproj", "{A0EFB029-1889-4134-A31F-3A8544D03D5E}"
EndProject
Global
	GlobalSection(SolutionConfigurationPlatforms) = preSolution
		Debug|Win32 = Debug|Win32
		Debug|x64 = Debug|x64
		Debug|x86 = Debug|x86
		Release|Win32 = Release|Win32
		Release|x64 = Release|x64
		Release|x86 = Release|x86
	EndGlobalSection
	GlobalSection(ProjectConfigurationPlatforms) = postSolution
		{CFBBB0C3-ECF1-4C30-A5BE-09E9DE3BFD13}.Debug|Win32.ActiveCfg = Debug|Win32
		{CFBBB0C3-ECF1-4C30-A5BE-09E9DE3BFD13}.Debug|Win32.Build.0 = Debug|Win32
		{CFBBB0C3-ECF1-4C30-A5BE-09E9DE3BFD13}.Debug|x64.ActiveCfg = Debug|x64
		{CFBBB0C3-ECF1-4C30-A5BE-09E9DE3BFD13}.Debug|x64.Build.0 = Debug|x64
		{CFBBB0C3-ECF1-4C30-A5BE-09E9DE3BFD13}.Debug|x86.ActiveCfg = Debug|Win32
		{CFBBB0C3-ECF1-4C30-A5BE-09E9DE3BFD13}.Debug|x86.Build.0 = Debug|Win32
		{CFBBB0C3-ECF1-4C30-A5BE-09E9DE3BFD13}.Release|Win32.ActiveCfg = Release|Win32
		{CFBBB0C3-ECF1-4C30-A5BE-09E9DE3BFD13}.Release|Win32.Build.0 = Release|Win32
		{CFBBB0C3-ECF1-4C30-A5BE-09E9DE3BFD13}.Release|x64.ActiveCfg = Release|x64
		{CFBBB0C3-ECF1-4C30-A5BE-09E9DE3BFD13}.Release|x64.Build.0 = Release|x64
		{CFBBB0C3-ECF1-4C30-A5BE-09E9DE3BFD13}.Release|x86.ActiveCfg = Release|Win32
		{CFBBB0C3-ECF1-4C30-A5BE-09E9DE3BFD13}.Release|x86.Build.0 = Release|Win32
		{15DA9959-A754-4B3F-BB14-4AC28FC5F750}.Debug|Win32.ActiveCfg = Debug|Win32
		{15DA9959-A754-4B3F-BB14-4AC28FC5F750}.Debug|Win32.Build.0 = Debug|Win32
		{15DA9959-A754-4B3F-BB14-4AC28FC5F750}.Debug|x64.ActiveCfg = Debug|x64
		{15DA9959-A754-4B3F-BB14-4AC28FC5F750}.Debug|x64.Build.0 = Debug|x64
		{15DA9959-A754-4B3F-BB14-4AC28FC5F750}.Debug|x86.ActiveCfg = Debug|Win32
		{15DA9959-A754-4B3F-BB14-4AC28FC5F750}.Debug|x86.Build.0 = Debug|Win32
		{15DA9959-A754-4B3F-BB14-4AC28FC5F750}.Release|Win32.ActiveCfg = Release|Win32
		{15DA9959-A754-4B3F-BB14-4AC28FC5F750}.Release|Win32.Build.0 = Release|Win32
		{15DA9959-A754-4B3F-BB14-4AC28FC5F750}.Release|x64.ActiveCfg = Release|x64
		{15DA9959-A754-4B3F-BB14-4AC28FC5F750}.Release|x64.Build.0 = Release|x64
		{15DA9959-A754-4B3F-BB14-4AC28FC5F750}.Release|x86.ActiveCfg = Release|Win32
		{15DA9959-A754-4B3F-BB14-4AC28FC5F750}.Release|x86.Build.0 = Release|Win32
		{608B7A8E-270E-4E09-8DB5-78AA601C897E}.Debug|Win32.ActiveCfg = Debug|Win32
		{608B7A8E-270E-4E09-8DB5-78AA601C897E}.Debug|Win32.Build.0 = Debug|Win32
		{608B7A8E-270E-4E09-8DB5-78AA601C897E}.Debug|x64.ActiveCfg = Debug|x64
		{608B7A8E-270E-4E09-8DB5-78AA601C897E}.Debug|x64.Build.0 = Debug|x64
		{608B7A8E-270E-4E09-8DB5-78AA601C897E}.Debug|x86.ActiveCfg = Debug|Win32
		{608B7A8E-270E-4E09-8DB5-78AA601C897E}.Debug|x86.Build.0 = Debug|Win32
		{608B7A8E-270E-4E09-8DB5-78AA601C897E}.Release|Win32.ActiveCfg = Release|Win32
		{608B7A8E-270E-4E09-8DB5-78AA601C897E}.Release|Win32.Build.0 = Release|Win32
		{608B7A8E-270E-4E09-8DB5-78AA601C897E}.Release|x64.ActiveCfg = Release|x64
		{608B7A8E-270E-4E09-8DB5-78AA601C897E}.Release|x64.Build.0 = Release|x64
		{608B7A8E-270E-4E09-8DB5-78AA601C897E}.Release|x86.ActiveCfg = Release|Win32
		{608B7A8E-270E-4E09-8DB5-78AA601C897E}.Release|x86.Build.0 = Release|Win32
		{9E64AD89-CCA0-4DD1-8BC0-5DF150BADAA7}.Debug|Win32.ActiveCfg = Debug|Win32
		{9E64AD89-CCA0-4DD1-8BC0-5DF150BADAA7}.Debug|Win32.Build.0 = Debug|Win32
		{9E64AD89-CCA0-4DD1-8BC0-5DF150BADAA7}.Debug|x64.ActiveCfg = Debug|x64
		{9E64AD89-CCA0-4DD1-8BC0-5DF150BADAA7}.Debug|x64.Build.0 = Debug|x64
		{9E64AD89-CCA0-4DD1-8BC0-5DF150BADAA7}.Debug|x86.ActiveCfg = Debug|Win32
		{9E64AD89-CCA0-4DD1-8BC0-5DF150BADAA7}.Debug|x86.Build.0 = Debug|Win32
		{9E64AD89-CCA0-4DD1-8BC0-5DF150BADAA7}.Release|Win32.ActiveCfg = Release|Win32
		{9E64AD89-CCA0-4DD1-8BC0-5DF150BADAA7}.Release|Win32.Build.0 = Release|Win32
		{9E64AD89-CCA0-4DD1-8BC0-5DF150BADAA7}.Release|x64.ActiveCfg = Release|x64
		{9E64AD89-CCA0-4DD1-8BC0-5DF150BADAA7}.Release|x64.Build.0 = Release|x64
		{9E64AD89-CCA0-4DD1-8BC0-5DF150BADAA7}.Release|x86.ActiveCfg = Release|Win32
		{9E64AD89-CCA0-4DD1-8BC0-5DF150BADAA7}.Release|x86.Build.0 = Release|Win32
		{6A938B9E-2ABF-44A2-BC47-E16D8095B348}.Debug|Win32.ActiveCfg = Debug|Win32
		{6A938B9E-2ABF-44A2-BC47-E16D8095B348}.Debug|Win32.Build.0 = Debug|Win32
		{6A938B9E-2ABF-44A2-BC47-E16D8095B348}.Debug|x64.ActiveCfg = Debug|x64
		{6A938B9E-2ABF-44A2-BC47-E16D8095B348}.Debug|x64.Build.0 = Debug|x64
		{6A938B9E-2ABF-44A2-BC47-E16D8095B348}.Debug|x86.ActiveCfg = Debug|Win32
		{6A938B9E-2ABF-44A2-BC47-E16D8095B348}.Debug|x86.Build.0 = Debug|Win32
		{6A938B9E-2ABF-44A2-BC47-E16D8095B348}.Release|Win32.ActiveCfg = Release|Win32
		{6A938B9E-2ABF-44A2-BC47-E16D8095B348}.Release|Win32.Build.0 = Release|Win32
		{6A938B9E-2ABF-44A2-BC47-E16D8095B348}.Release|x64.ActiveCfg = Release|x64
		{6A938B9E-2ABF-44A2-BC47-E16D8095B348}.Release|x64.Build.0 = Release|x64
		{6A938B9E-2ABF-44A2-BC47-E16D8095B348}.Release|x86.ActiveCfg = Release|Win32
		{6A938B9E-2ABF-44A2-BC47-E16D8095B348}.Release|x86.Build.0 = Release|Win32
		{D11BC7A1-A450-4E06-B3A6-E3B1366E7FDE}.Debug|Win32.ActiveCfg = Debug|Win32
		{D11BC7A1-A450-4E06-B3A6-E3B1366E7FDE}.Debug|Win32.Build.0 = Debug|Win32
		{D11BC7A1-A450-4E06-B3A6-E3B1366E7FDE}.Debug|x64.ActiveCfg = Debug|x64
		{D11BC7A1-A450-4E06-B3A6-E3B1366E7FDE}.Debug|x64.Build.0 = Debug|x64
		{D11BC7A1-A450-4E06-B3A6-E3B1366E7FDE}.Debug|x86.ActiveCfg = Debug|Win32
		{D11BC7A1-A450-4E06-B3A6-E3B1366E7FDE}.Debug|x86.Build.0 = Debug|Win32
		{D11BC7A1-A450-4E06-B3A6-E3B1366E7FDE}.Release|Win32.ActiveCfg = Release|Win32
		{D11BC7A1-A450-4E06-B3A6-E3B1366E7FDE}.Release|Win32.Build.0 = Release|Win32
		{D11BC7A1-A450-4E06-B3A6-E3B1366E7FDE}.Release|x64.ActiveCfg = Release|x64
		{D11BC7A1-A450-4E06-B3A6-E3B1366E7FDE}.Release|x64.Build.0 = Release|x64
		{D11BC7A1-A450-4E06-B3A6-E3B1366E7FDE}.Release|x86.ActiveCfg = Release|Win32
		{D11BC7A1-A450-4E06-B3A6-E3B1366E7FDE}.Release|x86.Build.0 = Release|Win32
		{B8CBD86C-9553-4D9C-9B6C-0A565AD6BE33}.Debug|Win32.ActiveCfg = Debug|Win32
		{B8CBD86C-9553-4D9C-9B6C-0A565AD6BE33}.Debug|Win32.Build.0 = Debug|Win32
		{B8CBD86C-9553-4D9C-9B6C-0A565AD6BE33}.Debug|x64.ActiveCfg = Debug|x64
		{B8CBD86C-9553-4D9C-9B6C-0A565AD6BE33}.Debug|x64.Build.0 = Debug|x64
		{B8CBD86C-9553-4D9C-9B6C-0A565AD6BE33}.Debug|x86.ActiveCfg = Debug|Win32
		{B8CBD86C-9553-4D9C-9B6C-0A565AD6BE33}.Debug|x86.Build.0 = Debug|Win32
		{B8CBD86C-9553-4D9C-9B6C-0A565AD6BE33}.Release|Win32.ActiveCfg = Release|Win32
		{B8CBD86C-9553-4D9C-9B6C-0A565AD6BE33}.Release|Win32.Build.0 = Release|Win32
		{B8CBD86C-9553-4D9C-9B6C-0A565AD6BE33}.Release|x64.ActiveCfg = Release|x64
		{B8CBD86C-9553-4D9C-9B6C-0A565AD6BE33}.Release|x64.Build.0 = Release|x64
		{B8CBD86C-9553-4D9C-9B6C-0A565AD6BE33}.Release|x86.ActiveCfg = Release|Win32
		{B8CBD86C-9553-4D9C-9B6C-0A565AD6BE33}.Release|x86.Build.0 = Release|Win32
		{0162021D-9E5B-401A-B816-5CD39084F316}.Debug|Win32.ActiveCfg = Debug|Win32
		{0162021D-9E5B-401A-B816-5CD39084F316}.Debug|Win32.Build.0 = Debug|Win32
		{0162021D-9E5B-401A-B816-5CD39084F316}.Debug|x64.ActiveCfg = Debug|x64
		{0162021D-9E5B-401A-B816-5CD39084F316}.Debug|x64.Build.0 = Debug|x64
		{0162021D-9E5B-401A-B816-5CD39084F316}.Debug|x86.ActiveCfg = Debug|Win32
		{0162021D-9E5B-401A-B816-5CD39084F316}.Debug|x86.Build.0 = Debug|Win32
		{0162021D-9E5B-401A-B816-5CD39084F316}.Release|Win32.ActiveCfg = Release|Win32
		{0162021D-9E5B-401A-B816-5CD39084F316}.Release|Win32.Build.0 = Release|Win32
		{0162021D-9E5B-401A-B816-5CD39084F316}.Release|x64.ActiveCfg = Release|x64
		{0162021D-9E5B-401A-B816-5CD39084F316}.Release|x64.Build.0 = Release|x64
		{0162021D-9E5B-401A-B816-5CD39084F316}.Release|x86.ActiveCfg = Release|Win32
		{0162021D-9E5B-401A-B816-5CD39084F316}.Release|x86.Build.0 = Release|Win32
		{C6196743-BE06-4D7C-B094-485410DD6E94}.Debug|Win32.ActiveCfg = Debug|Win32
		{C6196743-BE06-4D7C-B094-485410DD6E94}.Debug|Win32.Build.0 = Debug|Win32
		{C6196743-BE06-4D7C-B094-485410DD6E94}.Debug|x64.ActiveCfg = Debug|x64
		{C6196743-BE06-4D7C-B094-485410DD6E94}.Debug|x64.Build.0 = Debug|x64
		{C6196743-BE06-4D7C-B094-485410DD6E94}.Debug|x86.ActiveCfg = Debug|Win32
		{C6196743-BE06-4D7C-B094-485410DD6E94}.Debug|x86.Build.0 = Debug|Win32
		{C6196743-BE06-4D7C-B094-485410DD6E94}.Release|Win32.ActiveCfg = Release|Win32
		{C6196743-BE06-4D7C-B094-485410DD6E94}.Release|Win32.Build.0 = Release|Win32
		{C6196743-BE06-4D7C-B094-485410DD6E94}.Release|x64.ActiveCfg = Release|x64
		{C6196743-BE06-4D7C-B094-485410DD6E94}.Release|x64.Build.0 = Release|x64
		{C6196743-BE06-4D7C-B094-485410DD6E94}.Release|x86.ActiveCfg = Release|Win32
		{C6196743-BE06-4D7C-B094-485410DD6E94}.Release|x86.Build.0 = Release|Win32
		{AD32F494-4F88-4AE7-A80F-7A1CF6E13BC5}.Debug|Win32.ActiveCfg = Debug|Win32
		{AD32F494-4F88-4AE7-A80F-7A1CF6E13BC5}.Debug|Win32.Build.0 = Debug|Win32
		{AD32F494-4F88-4AE7-A80F-7A1CF6E13BC5}.Debug|x64.ActiveCfg = Debug|x64
		{AD32F494-4F88-4AE7-A80F-7A1CF6E13BC5}.Debug|x64.Build.0 = Debug|x64
		{AD32F494-4F88-4AE7-A80F-7A1CF6E13BC5}.Debug|x86.ActiveCfg = Debug|Win32
		{AD32F494-4F88-4AE7-A80F-7A1CF6E13BC5}.Debug|x86.Build.0 = Debug|Win32
		{AD32F494-4F88-4AE7-A80F-7A1CF6E13BC5}.Release|Win32.ActiveCfg = Release|Win32
		{AD32F494-4F88-4AE7-A80F-7A1CF6E13BC5}.Release|Win32.Build.0 = Release|Win32
		{AD32F494-4F88-4AE7-A80F-7A1CF6E13BC5}.Release|x64.ActiveCfg = Release|x64
		{AD32F494-4F88-4AE7-A80F-7A1CF6E13BC5}.Release|x64.Build.0 = Release|x64
		{AD32F494-4F88-4AE7-A80F-7A1CF6E13BC5}.Release|x86.ActiveCfg = Release|Win32
		{AD32F494-4F88-4AE7-A80F-7A1CF6E13BC5}.Release|x86.Build.0 = Release|Win32
		{0AAA9BF4-A4AD-4FCD-A6FC-B15B5C0485C3}.Debug|Win32.ActiveCfg = Debug|Win32
		{0AAA9BF4-A4AD-4FCD-A6FC-B15B5C0485C3}.Debug|Win32.Build.0 = Debug|Win32
		{0AAA9BF4-A4AD-4FCD-A6FC-B15B5C0485C3}.Debug|x64.ActiveCfg = Debug|x64
		{0AAA9BF4-A4AD-4FCD-A6FC-B15B5C0485C3}.Debug|x64.Build.0 = Debug|x64
		{0AAA9BF4-A4AD-4FCD-A6FC-B15B5C0485C3}.Debug|x86.ActiveCfg = Debug|Win32
		{0AAA9BF4-A4AD-4FCD-A6FC-B15B5C0485C3}.Debug|x86.Build.0 = Debug|Win32
		{0AAA9BF4-A4AD-4FCD-A6FC-B15B5C0485C3}.Release|Win32.ActiveCfg = Release|Win32
		{0AAA9BF4-A4AD-4FCD-A6FC-B15B5C0485C3}.Release|Win32.Build.0 = Release|Win32
		{0AAA9BF4-A4AD-4FCD-A6FC-B15B5C0485C3}.Release|x64.ActiveCfg = Release|x64
		{0AAA9BF4-A4AD-4FCD-A6FC-B15B5C0485C3}.Release|x64.Build.0 = Release|x64
		{0AAA9BF4-A4AD-4FCD-A6FC-B15B5C0485C3}.Release|x86.ActiveCfg = Release|Win32
		{0AAA9BF4-A4AD-4FCD-A6FC-B15B5C0485C3}.Release|x86.Build.0 = Release|Win32
		{3ECAB81A-23CE-40E9-8CF4-50A88E58824D}.Debug|Win32.ActiveCfg = Debug|Win32
		{3ECAB81A-23CE-40E9-8CF4-50A88E58824D}.Debug|Win32.Build.0 = Debug|Win32
		{3ECAB81A-23CE-40E9-8CF4-50A88E58824D}.Debug|x64.ActiveCfg = Debug|x64
		{3ECAB81A-23CE-40E9-8CF4-50A88E58824D}.Debug|x64.Build.0 = Debug|x64
		{3ECAB81A-23CE-40E9-8CF4-50A88E58824D}.Debug|x86.ActiveCfg = Debug|Win32
		{3ECAB81A-23CE-40E9-8CF4-50A88E58824D}.Debug|x86.Build.0 = Debug|Win32
		{3ECAB81A-23CE-40E9-8CF4-50A88E58824D}.Release|Win32.ActiveCfg = Release|Win32
		{3ECAB81A-23CE-40E9-8CF4-50A88E58824D}.Release|Win32.Build.0 = Release|Win32
		{3ECAB81A-23CE-40E9-8CF4-50A88E58824D}.Release|x64.ActiveCfg = Release|x64
		{3ECAB81A-23CE-40E9-8CF4-50A88E58824D}.Release|x64.Build.0 = Release|x64
		{3ECAB81A-23CE-40E9-8CF4-50A88E58824D}.Release|x86.ActiveCfg = Release|Win32
		{3ECAB81A-23CE-40E9-8CF4-50A88E58824D}.Release|x86.Build.0 = Release|Win32
		{A0EFB029-1889-4134-A31F-3A8544D03D5E}.Debug|Win32.ActiveCfg = Debug|Win32
		{A0EFB029-1889-4134-A31F-3A8544D03D5E}.Debug|Win32.Build.0 = Debug|Win32
		{A0EFB029-1889-4134-A31F-3A8544D03D5E}.Debug|x64.ActiveCfg = Debug|x64
		{A0EFB029-1889-4134-A31F-3A8544D03D5E}.Debug|x64.Build.0 = Debug|x64
		{A0EFB029-1889-4134-A31F-3A8544D03D5E}.Debug|x86.ActiveCfg = Debug|Win32
		{A0EFB029-1889-4134-A31F-3A8544D03D5E}.Debug|x86.Build.0 = Debug|Win32
		{A0EFB029-1889-4134-A31F-3A8544D03D5E}.Release|Win32.ActiveCfg = Release|Win32
		{A0EFB029-1889-4134-A31F-3A8544D03D5E}.Release|Win32.Build.0 = Release|Win32
		{A0EFB029-1889-4134-A31F-3A8544D03D5E}.Release|x64.ActiveCfg = Release|x64
		{A0EFB029-1889-4134-A31F-3A8544D03D5E}.Release|x64.Build.0 = Release|x64
		{A0EFB029-1889-4134-A31F-3A8544D03D5E}.Release|x86.ActiveCfg = Release|Win32
		{A0EFB029-1889-4134-A31F-3A8544D03D5E}.Release|x86.Build.0 = Release|Win32
	EndGlobalSection
	GlobalSection(SolutionProperties) = preSolution
		HideSolutionNode = FALSE
	EndGlobalSection
	GlobalSection(ExtensibilityGlobals) = postSolution
		SolutionGuid = {075F2F5A-248E-4D26-8977-75912F8F26DB}
	EndGlobalSection
EndGlobal
